
Microsoft Visual Studio Solution File, Format Version 12.00
# Visual Studio 15
VisualStudioVersion = 15.0.27130.0
MinimumVisualStudioVersion = 10.0.40219.1
Project("{FAE04EC0-301F-11D3-BF4B-00C04F79EFBC}") = "ParkSimulation", "ParkSimulation\ParkSimulation.csproj", "{0A3B85B0-6B88-4365-8EE7-D55B64D441ED}"
EndProject
Project("{FAE04EC0-301F-11D3-BF4B-00C04F79EFBC}") = "Park.Data", "Park.Data\Park.Data.csproj", "{AA237026-DA09-4D21-B631-91D9D0702CFB}"
EndProject
Global
	GlobalSection(SolutionConfigurationPlatforms) = preSolution
		Debug|Any CPU = Debug|Any CPU
		Release|Any CPU = Release|Any CPU
	EndGlobalSection
	GlobalSection(ProjectConfigurationPlatforms) = postSolution
		{0A3B85B0-6B88-4365-8EE7-D55B64D441ED}.Debug|Any CPU.ActiveCfg = Debug|Any CPU
		{0A3B85B0-6B88-4365-8EE7-D55B64D441ED}.Debug|Any CPU.Build.0 = Debug|Any CPU
		{0A3B85B0-6B88-4365-8EE7-D55B64D441ED}.Release|Any CPU.ActiveCfg = Release|Any CPU
		{0A3B85B0-6B88-4365-8EE7-D55B64D441ED}.Release|Any CPU.Build.0 = Release|Any CPU
		{AA237026-DA09-4D21-B631-91D9D0702CFB}.Debug|Any CPU.ActiveCfg = Debug|Any CPU
		{AA237026-DA09-4D21-B631-91D9D0702CFB}.Debug|Any CPU.Build.0 = Debug|Any CPU
		{AA237026-DA09-4D21-B631-91D9D0702CFB}.Release|Any CPU.ActiveCfg = Release|Any CPU
		{AA237026-DA09-4D21-B631-91D9D0702CFB}.Release|Any CPU.Build.0 = Release|Any CPU
	EndGlobalSection
	GlobalSection(SolutionProperties) = preSolution
		HideSolutionNode = FALSE
	EndGlobalSection
	GlobalSection(ExtensibilityGlobals) = postSolution
		SolutionGuid = {B60279E2-94A4-4B05-9D9C-44892BD2B648}
	EndGlobalSection
EndGlobal
